
Microsoft Visual Studio Solution File, Format Version 12.00
# Visual Studio Version 17
VisualStudioVersion = 17.14.36203.30 d17.14
MinimumVisualStudioVersion = 10.0.40219.1
Project("{F184B08F-C81C-45F6-A57F-5ABD9991F28F}") = "GIDEI_AsoCebu", "GIDEI_AsoCebu.vbproj", "{EB986172-9C4C-4D72-B1F3-6275F8365D03}"
EndProject
Global
	GlobalSection(SolutionConfigurationPlatforms) = preSolution
		Debug|Any CPU = Debug|Any CPU
		Release|Any CPU = Release|Any CPU
	EndGlobalSection
	GlobalSection(ProjectConfigurationPlatforms) = postSolution
		{EB986172-9C4C-4D72-B1F3-6275F8365D03}.Debug|Any CPU.ActiveCfg = Debug|Any CPU
		{EB986172-9C4C-4D72-B1F3-6275F8365D03}.Debug|Any CPU.Build.0 = Debug|Any CPU
		{EB986172-9C4C-4D72-B1F3-6275F8365D03}.Release|Any CPU.ActiveCfg = Release|Any CPU
		{EB986172-9C4C-4D72-B1F3-6275F8365D03}.Release|Any CPU.Build.0 = Release|Any CPU
	EndGlobalSection
	GlobalSection(SolutionProperties) = preSolution
		HideSolutionNode = FALSE
	EndGlobalSection
	GlobalSection(ExtensibilityGlobals) = postSolution
		SolutionGuid = {315A6922-9C56-45E6-A61C-43B7AEFEA750}
	EndGlobalSection
EndGlobal
